
Microsoft Visual Studio Solution File, Format Version 12.00
# Visual Studio Version 16
VisualStudioVersion = 16.0.29613.14
MinimumVisualStudioVersion = 10.0.40219.1
Project("{FAE04EC0-301F-11D3-BF4B-00C04F79EFBC}") = "MES", "MES\MES.csproj", "{90DADEB8-7315-40A8-AC9F-132D9EA91B32}"
EndProject
Global
	GlobalSection(SolutionConfigurationPlatforms) = preSolution
		Debug|Any CPU = Debug|Any CPU
		Release|Any CPU = Release|Any CPU
	EndGlobalSection
	GlobalSection(ProjectConfigurationPlatforms) = postSolution
		{90DADEB8-7315-40A8-AC9F-132D9EA91B32}.Debug|Any CPU.ActiveCfg = Debug|Any CPU
		{90DADEB8-7315-40A8-AC9F-132D9EA91B32}.Debug|Any CPU.Build.0 = Debug|Any CPU
		{90DADEB8-7315-40A8-AC9F-132D9EA91B32}.Release|Any CPU.ActiveCfg = Release|Any CPU
		{90DADEB8-7315-40A8-AC9F-132D9EA91B32}.Release|Any CPU.Build.0 = Release|Any CPU
	EndGlobalSection
	GlobalSection(SolutionProperties) = preSolution
		HideSolutionNode = FALSE
	EndGlobalSection
	GlobalSection(ExtensibilityGlobals) = postSolution
		SolutionGuid = {84320880-41F6-4558-9E72-383007E4D1DD}
	EndGlobalSection
EndGlobal
